// !$*UTF8*$!
{
	archiveVersion = 1;
	classes = {
	};
	objectVersion = 46;
	objects = {

/* Begin PBXBuildFile section */
		BEC84247184ABE9600C4F7CC /* UIKit.framework in Frameworks */ = {isa = PBXBuildFile; fileRef = BEC84246184ABE9600C4F7CC /* UIKit.framework */; };
		BEC84249184ABE9600C4F7CC /* Foundation.framework in Frameworks */ = {isa = PBXBuildFile; fileRef = BEC84248184ABE9600C4F7CC /* Foundation.framework */; };
		BEC8424B184ABE9600C4F7CC /* CoreGraphics.framework in Frameworks */ = {isa = PBXBuildFile; fileRef = BEC8424A184ABE9600C4F7CC /* CoreGraphics.framework */; };
		BEC8424D184ABE9600C4F7CC /* CoreData.framework in Frameworks */ = {isa = PBXBuildFile; fileRef = BEC8424C184ABE9600C4F7CC /* CoreData.framework */; };
		BEC84253184ABE9600C4F7CC /* InfoPlist.strings in Resources */ = {isa = PBXBuildFile; fileRef = BEC84251184ABE9600C4F7CC /* InfoPlist.strings */; };
		BEC84255184ABE9600C4F7CC /* main.m in Sources */ = {isa = PBXBuildFile; fileRef = BEC84254184ABE9600C4F7CC /* main.m */; };
		BEC84259184ABE9600C4F7CC /* ARCAppDelegate.m in Sources */ = {isa = PBXBuildFile; fileRef = BEC84258184ABE9600C4F7CC /* ARCAppDelegate.m */; };
		BEC8425B184ABE9600C4F7CC /* Default.png in Resources */ = {isa = PBXBuildFile; fileRef = BEC8425A184ABE9600C4F7CC /* Default.png */; };
		BEC8425D184ABE9600C4F7CC /* Default@2x.png in Resources */ = {isa = PBXBuildFile; fileRef = BEC8425C184ABE9600C4F7CC /* Default@2x.png */; };
		BEC8425F184ABE9600C4F7CC /* Default-568h@2x.png in Resources */ = {isa = PBXBuildFile; fileRef = BEC8425E184ABE9600C4F7CC /* Default-568h@2x.png */; };
		BEC84262184ABE9600C4F7CC /* MainStoryboard.storyboard in Resources */ = {isa = PBXBuildFile; fileRef = BEC84260184ABE9600C4F7CC /* MainStoryboard.storyboard */; };
		BEC84265184ABE9600C4F7CC /* PainTracker_v2.xcdatamodeld in Sources */ = {isa = PBXBuildFile; fileRef = BEC84263184ABE9600C4F7CC /* PainTracker_v2.xcdatamodeld */; };
		BEC84268184ABE9600C4F7CC /* ARCMasterViewController.m in Sources */ = {isa = PBXBuildFile; fileRef = BEC84267184ABE9600C4F7CC /* ARCMasterViewController.m */; };
		BEC8426B184ABE9600C4F7CC /* ARCDetailViewController.m in Sources */ = {isa = PBXBuildFile; fileRef = BEC8426A184ABE9600C4F7CC /* ARCDetailViewController.m */; };
		BEC84273184ABE9700C4F7CC /* SenTestingKit.framework in Frameworks */ = {isa = PBXBuildFile; fileRef = BEC84272184ABE9700C4F7CC /* SenTestingKit.framework */; };
		BEC84274184ABE9700C4F7CC /* UIKit.framework in Frameworks */ = {isa = PBXBuildFile; fileRef = BEC84246184ABE9600C4F7CC /* UIKit.framework */; };
		BEC84275184ABE9700C4F7CC /* Foundation.framework in Frameworks */ = {isa = PBXBuildFile; fileRef = BEC84248184ABE9600C4F7CC /* Foundation.framework */; };
		BEC84276184ABE9700C4F7CC /* CoreData.framework in Frameworks */ = {isa = PBXBuildFile; fileRef = BEC8424C184ABE9600C4F7CC /* CoreData.framework */; };
		BEC8427E184ABE9700C4F7CC /* InfoPlist.strings in Resources */ = {isa = PBXBuildFile; fileRef = BEC8427C184ABE9700C4F7CC /* InfoPlist.strings */; };
		BEC84281184ABE9700C4F7CC /* PainTracker_v2Tests.m in Sources */ = {isa = PBXBuildFile; fileRef = BEC84280184ABE9700C4F7CC /* PainTracker_v2Tests.m */; };
/* End PBXBuildFile section */

/* Begin PBXContainerItemProxy section */
		BEC84277184ABE9700C4F7CC /* PBXContainerItemProxy */ = {
			isa = PBXContainerItemProxy;
			containerPortal = BEC8423B184ABE9600C4F7CC /* Project object */;
			proxyType = 1;
			remoteGlobalIDString = BEC84242184ABE9600C4F7CC;
			remoteInfo = PainTracker_v2;
		};
/* End PBXContainerItemProxy section */

/* Begin PBXFileReference section */
		BEC84243184ABE9600C4F7CC /* PainTracker_v2.app */ = {isa = PBXFileReference; explicitFileType = wrapper.application; includeInIndex = 0; path = PainTracker_v2.app; sourceTree = BUILT_PRODUCTS_DIR; };
		BEC84246184ABE9600C4F7CC /* UIKit.framework */ = {isa = PBXFileReference; lastKnownFileType = wrapper.framework; name = UIKit.framework; path = System/Library/Frameworks/UIKit.framework; sourceTree = SDKROOT; };
		BEC84248184ABE9600C4F7CC /* Foundation.framework */ = {isa = PBXFileReference; lastKnownFileType = wrapper.framework; name = Foundation.framework; path = System/Library/Frameworks/Foundation.framework; sourceTree = SDKROOT; };
		BEC8424A184ABE9600C4F7CC /* CoreGraphics.framework */ = {isa = PBXFileReference; lastKnownFileType = wrapper.framework; name = CoreGraphics.framework; path = System/Library/Frameworks/CoreGraphics.framework; sourceTree = SDKROOT; };
		BEC8424C184ABE9600C4F7CC /* CoreData.framework */ = {isa = PBXFileReference; lastKnownFileType = wrapper.framework; name = CoreData.framework; path = System/Library/Frameworks/CoreData.framework; sourceTree = SDKROOT; };
		BEC84250184ABE9600C4F7CC /* PainTracker_v2-Info.plist */ = {isa = PBXFileReference; lastKnownFileType = text.plist.xml; path = "PainTracker_v2-Info.plist"; sourceTree = "<group>"; };
		BEC84252184ABE9600C4F7CC /* en */ = {isa = PBXFileReference; lastKnownFileType = text.plist.strings; name = en; path = en.lproj/InfoPlist.strings; sourceTree = "<group>"; };
		BEC84254184ABE9600C4F7CC /* main.m */ = {isa = PBXFileReference; lastKnownFileType = sourcecode.c.objc; path = main.m; sourceTree = "<group>"; };
		BEC84256184ABE9600C4F7CC /* PainTracker_v2-Prefix.pch */ = {isa = PBXFileReference; lastKnownFileType = sourcecode.c.h; path = "PainTracker_v2-Prefix.pch"; sourceTree = "<group>"; };
		BEC84257184ABE9600C4F7CC /* ARCAppDelegate.h */ = {isa = PBXFileReference; lastKnownFileType = sourcecode.c.h; path = ARCAppDelegate.h; sourceTree = "<group>"; };
		BEC84258184ABE9600C4F7CC /* ARCAppDelegate.m */ = {isa = PBXFileReference; lastKnownFileType = sourcecode.c.objc; path = ARCAppDelegate.m; sourceTree = "<group>"; };
		BEC8425A184ABE9600C4F7CC /* Default.png */ = {isa = PBXFileReference; lastKnownFileType = image.png; path = Default.png; sourceTree = "<group>"; };
		BEC8425C184ABE9600C4F7CC /* Default@2x.png */ = {isa = PBXFileReference; lastKnownFileType = image.png; path = "Default@2x.png"; sourceTree = "<group>"; };
		BEC8425E184ABE9600C4F7CC /* Default-568h@2x.png */ = {isa = PBXFileReference; lastKnownFileType = image.png; path = "Default-568h@2x.png"; sourceTree = "<group>"; };
		BEC84261184ABE9600C4F7CC /* en */ = {isa = PBXFileReference; lastKnownFileType = file.storyboard; name = en; path = en.lproj/MainStoryboard.storyboard; sourceTree = "<group>"; };
		BEC84264184ABE9600C4F7CC /* PainTracker_v2.xcdatamodel */ = {isa = PBXFileReference; lastKnownFileType = wrapper.xcdatamodel; path = PainTracker_v2.xcdatamodel; sourceTree = "<group>"; };
		BEC84266184ABE9600C4F7CC /* ARCMasterViewController.h */ = {isa = PBXFileReference; lastKnownFileType = sourcecode.c.h; path = ARCMasterViewController.h; sourceTree = "<group>"; };
		BEC84267184ABE9600C4F7CC /* ARCMasterViewController.m */ = {isa = PBXFileReference; lastKnownFileType = sourcecode.c.objc; path = ARCMasterViewController.m; sourceTree = "<group>"; };
		BEC84269184ABE9600C4F7CC /* ARCDetailViewController.h */ = {isa = PBXFileReference; lastKnownFileType = sourcecode.c.h; path = ARCDetailViewController.h; sourceTree = "<group>"; };
		BEC8426A184ABE9600C4F7CC /* ARCDetailViewController.m */ = {isa = PBXFileReference; lastKnownFileType = sourcecode.c.objc; path = ARCDetailViewController.m; sourceTree = "<group>"; };
		BEC84271184ABE9700C4F7CC /* PainTracker_v2Tests.octest */ = {isa = PBXFileReference; explicitFileType = wrapper.cfbundle; includeInIndex = 0; path = PainTracker_v2Tests.octest; sourceTree = BUILT_PRODUCTS_DIR; };
		BEC84272184ABE9700C4F7CC /* SenTestingKit.framework */ = {isa = PBXFileReference; lastKnownFileType = wrapper.framework; name = SenTestingKit.framework; path = Library/Frameworks/SenTestingKit.framework; sourceTree = DEVELOPER_DIR; };
		BEC8427B184ABE9700C4F7CC /* PainTracker_v2Tests-Info.plist */ = {isa = PBXFileReference; lastKnownFileType = text.plist.xml; path = "PainTracker_v2Tests-Info.plist"; sourceTree = "<group>"; };
		BEC8427D184ABE9700C4F7CC /* en */ = {isa = PBXFileReference; lastKnownFileType = text.plist.strings; name = en; path = en.lproj/InfoPlist.strings; sourceTree = "<group>"; };
		BEC8427F184ABE9700C4F7CC /* PainTracker_v2Tests.h */ = {isa = PBXFileReference; lastKnownFileType = sourcecode.c.h; path = PainTracker_v2Tests.h; sourceTree = "<group>"; };
		BEC84280184ABE9700C4F7CC /* PainTracker_v2Tests.m */ = {isa = PBXFileReference; lastKnownFileType = sourcecode.c.objc; path = PainTracker_v2Tests.m; sourceTree = "<group>"; };
/* End PBXFileReference section */

/* Begin PBXFrameworksBuildPhase section */
		BEC84240184ABE9600C4F7CC /* Frameworks */ = {
			isa = PBXFrameworksBuildPhase;
			buildActionMask = 2147483647;
			files = (
				BEC84247184ABE9600C4F7CC /* UIKit.framework in Frameworks */,
				BEC84249184ABE9600C4F7CC /* Foundation.framework in Frameworks */,
				BEC8424B184ABE9600C4F7CC /* CoreGraphics.framework in Frameworks */,
				BEC8424D184ABE9600C4F7CC /* CoreData.framework in Frameworks */,
			);
			runOnlyForDeploymentPostprocessing = 0;
		};
		BEC8426D184ABE9700C4F7CC /* Frameworks */ = {
			isa = PBXFrameworksBuildPhase;
			buildActionMask = 2147483647;
			files = (
				BEC84273184ABE9700C4F7CC /* SenTestingKit.framework in Frameworks */,
				BEC84274184ABE9700C4F7CC /* UIKit.framework in Frameworks */,
				BEC84275184ABE9700C4F7CC /* Foundation.framework in Frameworks */,
				BEC84276184ABE9700C4F7CC /* CoreData.framework in Frameworks */,
			);
			runOnlyForDeploymentPostprocessing = 0;
		};
/* End PBXFrameworksBuildPhase section */

/* Begin PBXGroup section */
		BEC8423A184ABE9600C4F7CC = {
			isa = PBXGroup;
			children = (
				BEC8424E184ABE9600C4F7CC /* PainTracker_v2 */,
				BEC84279184ABE9700C4F7CC /* PainTracker_v2Tests */,
				BEC84245184ABE9600C4F7CC /* Frameworks */,
				BEC84244184ABE9600C4F7CC /* Products */,
			);
			sourceTree = "<group>";
		};
		BEC84244184ABE9600C4F7CC /* Products */ = {
			isa = PBXGroup;
			children = (
				BEC84243184ABE9600C4F7CC /* PainTracker_v2.app */,
				BEC84271184ABE9700C4F7CC /* PainTracker_v2Tests.octest */,
			);
			name = Products;
			sourceTree = "<group>";
		};
		BEC84245184ABE9600C4F7CC /* Frameworks */ = {
			isa = PBXGroup;
			children = (
				BEC84246184ABE9600C4F7CC /* UIKit.framework */,
				BEC84248184ABE9600C4F7CC /* Foundation.framework */,
				BEC8424A184ABE9600C4F7CC /* CoreGraphics.framework */,
				BEC8424C184ABE9600C4F7CC /* CoreData.framework */,
				BEC84272184ABE9700C4F7CC /* SenTestingKit.framework */,
			);
			name = Frameworks;
			sourceTree = "<group>";
		};
		BEC8424E184ABE9600C4F7CC /* PainTracker_v2 */ = {
			isa = PBXGroup;
			children = (
				BEC84257184ABE9600C4F7CC /* ARCAppDelegate.h */,
				BEC84258184ABE9600C4F7CC /* ARCAppDelegate.m */,
				BEC84260184ABE9600C4F7CC /* MainStoryboard.storyboard */,
				BEC84266184ABE9600C4F7CC /* ARCMasterViewController.h */,
				BEC84267184ABE9600C4F7CC /* ARCMasterViewController.m */,
				BEC84269184ABE9600C4F7CC /* ARCDetailViewController.h */,
				BEC8426A184ABE9600C4F7CC /* ARCDetailViewController.m */,
				BEC84263184ABE9600C4F7CC /* PainTracker_v2.xcdatamodeld */,
				BEC8424F184ABE9600C4F7CC /* Supporting Files */,
			);
			path = PainTracker_v2;
			sourceTree = "<group>";
		};
		BEC8424F184ABE9600C4F7CC /* Supporting Files */ = {
			isa = PBXGroup;
			children = (
				BEC84250184ABE9600C4F7CC /* PainTracker_v2-Info.plist */,
				BEC84251184ABE9600C4F7CC /* InfoPlist.strings */,
				BEC84254184ABE9600C4F7CC /* main.m */,
				BEC84256184ABE9600C4F7CC /* PainTracker_v2-Prefix.pch */,
				BEC8425A184ABE9600C4F7CC /* Default.png */,
				BEC8425C184ABE9600C4F7CC /* Default@2x.png */,
				BEC8425E184ABE9600C4F7CC /* Default-568h@2x.png */,
			);
			name = "Supporting Files";
			sourceTree = "<group>";
		};
		BEC84279184ABE9700C4F7CC /* PainTracker_v2Tests */ = {
			isa = PBXGroup;
			children = (
				BEC8427F184ABE9700C4F7CC /* PainTracker_v2Tests.h */,
				BEC84280184ABE9700C4F7CC /* PainTracker_v2Tests.m */,
				BEC8427A184ABE9700C4F7CC /* Supporting Files */,
			);
			path = PainTracker_v2Tests;
			sourceTree = "<group>";
		};
		BEC8427A184ABE9700C4F7CC /* Supporting Files */ = {
			isa = PBXGroup;
			children = (
				BEC8427B184ABE9700C4F7CC /* PainTracker_v2Tests-Info.plist */,
				BEC8427C184ABE9700C4F7CC /* InfoPlist.strings */,
			);
			name = "Supporting Files";
			sourceTree = "<group>";
		};
/* End PBXGroup section */

/* Begin PBXNativeTarget section */
		BEC84242184ABE9600C4F7CC /* PainTracker_v2 */ = {
			isa = PBXNativeTarget;
			buildConfigurationList = BEC84284184ABE9700C4F7CC /* Build configuration list for PBXNativeTarget "PainTracker_v2" */;
			buildPhases = (
				BEC8423F184ABE9600C4F7CC /* Sources */,
				BEC84240184ABE9600C4F7CC /* Frameworks */,
				BEC84241184ABE9600C4F7CC /* Resources */,
			);
			buildRules = (
			);
			dependencies = (
			);
			name = PainTracker_v2;
			productName = PainTracker_v2;
			productReference = BEC84243184ABE9600C4F7CC /* PainTracker_v2.app */;
			productType = "com.apple.product-type.application";
		};
		BEC84270184ABE9700C4F7CC /* PainTracker_v2Tests */ = {
			isa = PBXNativeTarget;
			buildConfigurationList = BEC84287184ABE9700C4F7CC /* Build configuration list for PBXNativeTarget "PainTracker_v2Tests" */;
			buildPhases = (
				BEC8426C184ABE9700C4F7CC /* Sources */,
				BEC8426D184ABE9700C4F7CC /* Frameworks */,
				BEC8426E184ABE9700C4F7CC /* Resources */,
				BEC8426F184ABE9700C4F7CC /* ShellScript */,
			);
			buildRules = (
			);
			dependencies = (
				BEC84278184ABE9700C4F7CC /* PBXTargetDependency */,
			);
			name = PainTracker_v2Tests;
			productName = PainTracker_v2Tests;
			productReference = BEC84271184ABE9700C4F7CC /* PainTracker_v2Tests.octest */;
			productType = "com.apple.product-type.bundle";
		};
/* End PBXNativeTarget section */

/* Begin PBXProject section */
		BEC8423B184ABE9600C4F7CC /* Project object */ = {
			isa = PBXProject;
			attributes = {
				CLASSPREFIX = ARC;
				LastUpgradeCheck = 0460;
				ORGANIZATIONNAME = "antonio.carella@me.com";
			};
			buildConfigurationList = BEC8423E184ABE9600C4F7CC /* Build configuration list for PBXProject "PainTracker_v2" */;
			compatibilityVersion = "Xcode 3.2";
			developmentRegion = English;
			hasScannedForEncodings = 0;
			knownRegions = (
				en,
			);
			mainGroup = BEC8423A184ABE9600C4F7CC;
			productRefGroup = BEC84244184ABE9600C4F7CC /* Products */;
			projectDirPath = "";
			projectRoot = "";
			targets = (
				BEC84242184ABE9600C4F7CC /* PainTracker_v2 */,
				BEC84270184ABE9700C4F7CC /* PainTracker_v2Tests */,
			);
		};
/* End PBXProject section */

/* Begin PBXResourcesBuildPhase section */
		BEC84241184ABE9600C4F7CC /* Resources */ = {
			isa = PBXResourcesBuildPhase;
			buildActionMask = 2147483647;
			files = (
				BEC84253184ABE9600C4F7CC /* InfoPlist.strings in Resources */,
				BEC8425B184ABE9600C4F7CC /* Default.png in Resources */,
				BEC8425D184ABE9600C4F7CC /* Default@2x.png in Resources */,
				BEC8425F184ABE9600C4F7CC /* Default-568h@2x.png in Resources */,
				BEC84262184ABE9600C4F7CC /* MainStoryboard.storyboard in Resources */,
			);
			runOnlyForDeploymentPostprocessing = 0;
		};
		BEC8426E184ABE9700C4F7CC /* Resources */ = {
			isa = PBXResourcesBuildPhase;
			buildActionMask = 2147483647;
			files = (
				BEC8427E184ABE9700C4F7CC /* InfoPlist.strings in Resources */,
			);
			runOnlyForDeploymentPostprocessing = 0;
		};
/* End PBXResourcesBuildPhase section */

/* Begin PBXShellScriptBuildPhase section */
		BEC8426F184ABE9700C4F7CC /* ShellScript */ = {
			isa = PBXShellScriptBuildPhase;
			buildActionMask = 2147483647;
			files = (
			);
			inputPaths = (
			);
			outputPaths = (
			);
			runOnlyForDeploymentPostprocessing = 0;
			shellPath = /bin/sh;
			shellScript = "# Run the unit tests in this test bundle.\n\"${SYSTEM_DEVELOPER_DIR}/Tools/RunUnitTests\"\n";
		};
/* End PBXShellScriptBuildPhase section */

/* Begin PBXSourcesBuildPhase section */
		BEC8423F184ABE9600C4F7CC /* Sources */ = {
			isa = PBXSourcesBuildPhase;
			buildActionMask = 2147483647;
			files = (
				BEC84255184ABE9600C4F7CC /* main.m in Sources */,
				BEC84259184ABE9600C4F7CC /* ARCAppDelegate.m in Sources */,
				BEC84265184ABE9600C4F7CC /* PainTracker_v2.xcdatamodeld in Sources */,
				BEC84268184ABE9600C4F7CC /* ARCMasterViewController.m in Sources */,
				BEC8426B184ABE9600C4F7CC /* ARCDetailViewController.m in Sources */,
			);
			runOnlyForDeploymentPostprocessing = 0;
		};
		BEC8426C184ABE9700C4F7CC /* Sources */ = {
			isa = PBXSourcesBuildPhase;
			buildActionMask = 2147483647;
			files = (
				BEC84281184ABE9700C4F7CC /* PainTracker_v2Tests.m in Sources */,
			);
			runOnlyForDeploymentPostprocessing = 0;
		};
/* End PBXSourcesBuildPhase section */

/* Begin PBXTargetDependency section */
		BEC84278184ABE9700C4F7CC /* PBXTargetDependency */ = {
			isa = PBXTargetDependency;
			target = BEC84242184ABE9600C4F7CC /* PainTracker_v2 */;
			targetProxy = BEC84277184ABE9700C4F7CC /* PBXContainerItemProxy */;
		};
/* End PBXTargetDependency section */

/* Begin PBXVariantGroup section */
		BEC84251184ABE9600C4F7CC /* InfoPlist.strings */ = {
			isa = PBXVariantGroup;
			children = (
				BEC84252184ABE9600C4F7CC /* en */,
			);
			name = InfoPlist.strings;
			sourceTree = "<group>";
		};
		BEC84260184ABE9600C4F7CC /* MainStoryboard.storyboard */ = {
			isa = PBXVariantGroup;
			children = (
				BEC84261184ABE9600C4F7CC /* en */,
			);
			name = MainStoryboard.storyboard;
			sourceTree = "<group>";
		};
		BEC8427C184ABE9700C4F7CC /* InfoPlist.strings */ = {
			isa = PBXVariantGroup;
			children = (
				BEC8427D184ABE9700C4F7CC /* en */,
			);
			name = InfoPlist.strings;
			sourceTree = "<group>";
		};
/* End PBXVariantGroup section */

/* Begin XCBuildConfiguration section */
		BEC84282184ABE9700C4F7CC /* Debug */ = {
			isa = XCBuildConfiguration;
			buildSettings = {
				ALWAYS_SEARCH_USER_PATHS = NO;
				CLANG_CXX_LANGUAGE_STANDARD = "gnu++0x";
				CLANG_CXX_LIBRARY = "libc++";
				CLANG_ENABLE_OBJC_ARC = YES;
				CLANG_WARN_CONSTANT_CONVERSION = YES;
				CLANG_WARN_EMPTY_BODY = YES;
				CLANG_WARN_ENUM_CONVERSION = YES;
				CLANG_WARN_INT_CONVERSION = YES;
				CLANG_WARN__DUPLICATE_METHOD_MATCH = YES;
				"CODE_SIGN_IDENTITY[sdk=iphoneos*]" = "iPhone Developer";
				COPY_PHASE_STRIP = NO;
				GCC_C_LANGUAGE_STANDARD = gnu99;
				GCC_DYNAMIC_NO_PIC = NO;
				GCC_OPTIMIZATION_LEVEL = 0;
				GCC_PREPROCESSOR_DEFINITIONS = (
					"DEBUG=1",
					"$(inherited)",
				);
				GCC_SYMBOLS_PRIVATE_EXTERN = NO;
				GCC_WARN_ABOUT_RETURN_TYPE = YES;
				GCC_WARN_UNINITIALIZED_AUTOS = YES;
				GCC_WARN_UNUSED_VARIABLE = YES;
				IPHONEOS_DEPLOYMENT_TARGET = 6.1;
				ONLY_ACTIVE_ARCH = YES;
				SDKROOT = iphoneos;
			};
			name = Debug;
		};
		BEC84283184ABE9700C4F7CC /* Release */ = {
			isa = XCBuildConfiguration;
			buildSettings = {
				ALWAYS_SEARCH_USER_PATHS = NO;
				CLANG_CXX_LANGUAGE_STANDARD = "gnu++0x";
				CLANG_CXX_LIBRARY = "libc++";
				CLANG_ENABLE_OBJC_ARC = YES;
				CLANG_WARN_CONSTANT_CONVERSION = YES;
				CLANG_WARN_EMPTY_BODY = YES;
				CLANG_WARN_ENUM_CONVERSION = YES;
				CLANG_WARN_INT_CONVERSION = YES;
				CLANG_WARN__DUPLICATE_METHOD_MATCH = YES;
				"CODE_SIGN_IDENTITY[sdk=iphoneos*]" = "iPhone Developer";
				COPY_PHASE_STRIP = YES;
				GCC_C_LANGUAGE_STANDARD = gnu99;
				GCC_WARN_ABOUT_RETURN_TYPE = YES;
				GCC_WARN_UNINITIALIZED_AUTOS = YES;
				GCC_WARN_UNUSED_VARIABLE = YES;
				IPHONEOS_DEPLOYMENT_TARGET = 6.1;
				OTHER_CFLAGS = "-DNS_BLOCK_ASSERTIONS=1";
				SDKROOT = iphoneos;
				VALIDATE_PRODUCT = YES;
			};
			name = Release;
		};
		BEC84285184ABE9700C4F7CC /* Debug */ = {
			isa = XCBuildConfiguration;
			buildSettings = {
				GCC_PRECOMPILE_PREFIX_HEADER = YES;
				GCC_PREFIX_HEADER = "PainTracker_v2/PainTracker_v2-Prefix.pch";
				INFOPLIST_FILE = "PainTracker_v2/PainTracker_v2-Info.plist";
				PRODUCT_NAME = "$(TARGET_NAME)";
				WRAPPER_EXTENSION = app;
			};
			name = Debug;
		};
		BEC84286184ABE9700C4F7CC /* Release */ = {
			isa = XCBuildConfiguration;
			buildSettings = {
				GCC_PRECOMPILE_PREFIX_HEADER = YES;
				GCC_PREFIX_HEADER = "PainTracker_v2/PainTracker_v2-Prefix.pch";
				INFOPLIST_FILE = "PainTracker_v2/PainTracker_v2-Info.plist";
				PRODUCT_NAME = "$(TARGET_NAME)";
				WRAPPER_EXTENSION = app;
			};
			name = Release;
		};
		BEC84288184ABE9700C4F7CC /* Debug */ = {
			isa = XCBuildConfiguration;
			buildSettings = {
				BUNDLE_LOADER = "$(BUILT_PRODUCTS_DIR)/PainTracker_v2.app/PainTracker_v2";
				FRAMEWORK_SEARCH_PATHS = (
					"\"$(SDKROOT)/Developer/Library/Frameworks\"",
					"\"$(DEVELOPER_LIBRARY_DIR)/Frameworks\"",
				);
				GCC_PRECOMPILE_PREFIX_HEADER = YES;
				GCC_PREFIX_HEADER = "PainTracker_v2/PainTracker_v2-Prefix.pch";
				INFOPLIST_FILE = "PainTracker_v2Tests/PainTracker_v2Tests-Info.plist";
				PRODUCT_NAME = "$(TARGET_NAME)";
				TEST_HOST = "$(BUNDLE_LOADER)";
				WRAPPER_EXTENSION = octest;
			};
			name = Debug;
		};
		BEC84289184ABE9700C4F7CC /* Release */ = {
			isa = XCBuildConfiguration;
			buildSettings = {
				BUNDLE_LOADER = "$(BUILT_PRODUCTS_DIR)/PainTracker_v2.app/PainTracker_v2";
				FRAMEWORK_SEARCH_PATHS = (
					"\"$(SDKROOT)/Developer/Library/Frameworks\"",
					"\"$(DEVELOPER_LIBRARY_DIR)/Frameworks\"",
				);
				GCC_PRECOMPILE_PREFIX_HEADER = YES;
				GCC_PREFIX_HEADER = "PainTracker_v2/PainTracker_v2-Prefix.pch";
				INFOPLIST_FILE = "PainTracker_v2Tests/PainTracker_v2Tests-Info.plist";
				PRODUCT_NAME = "$(TARGET_NAME)";
				TEST_HOST = "$(BUNDLE_LOADER)";
				WRAPPER_EXTENSION = octest;
			};
			name = Release;
		};
/* End XCBuildConfiguration section */

/* Begin XCConfigurationList section */
		BEC8423E184ABE9600C4F7CC /* Build configuration list for PBXProject "PainTracker_v2" */ = {
			isa = XCConfigurationList;
			buildConfigurations = (
				BEC84282184ABE9700C4F7CC /* Debug */,
				BEC84283184ABE9700C4F7CC /* Release */,
			);
			defaultConfigurationIsVisible = 0;
			defaultConfigurationName = Release;
		};
		BEC84284184ABE9700C4F7CC /* Build configuration list for PBXNativeTarget "PainTracker_v2" */ = {
			isa = XCConfigurationList;
			buildConfigurations = (
				BEC84285184ABE9700C4F7CC /* Debug */,
				BEC84286184ABE9700C4F7CC /* Release */,
			);
			defaultConfigurationIsVisible = 0;
		};
		BEC84287184ABE9700C4F7CC /* Build configuration list for PBXNativeTarget "PainTracker_v2Tests" */ = {
			isa = XCConfigurationList;
			buildConfigurations = (
				BEC84288184ABE9700C4F7CC /* Debug */,
				BEC84289184ABE9700C4F7CC /* Release */,
			);
			defaultConfigurationIsVisible = 0;
		};
/* End XCConfigurationList section */

/* Begin XCVersionGroup section */
		BEC84263184ABE9600C4F7CC /* PainTracker_v2.xcdatamodeld */ = {
			isa = XCVersionGroup;
			children = (
				BEC84264184ABE9600C4F7CC /* PainTracker_v2.xcdatamodel */,
			);
			currentVersion = BEC84264184ABE9600C4F7CC /* PainTracker_v2.xcdatamodel */;
			path = PainTracker_v2.xcdatamodeld;
			sourceTree = "<group>";
			versionGroupType = wrapper.xcdatamodel;
		};
/* End XCVersionGroup section */
	};
	rootObject = BEC8423B184ABE9600C4F7CC /* Project object */;
}
